// !$*UTF8*$!
{
	archiveVersion = 1;
	classes = {
	};
	objectVersion = 56;
	objects = {

/* Begin PBXBuildFile section */
		543371FC3BD6CE2A3172388C /* Pods_JMT.framework in Frameworks */ = {isa = PBXBuildFile; fileRef = 18E831EACDC540BABC72F839 /* Pods_JMT.framework */; };
		5621704A2A2ACC870007A621 /* GoogleService-Info.plist in Resources */ = {isa = PBXBuildFile; fileRef = 562170492A2ACC870007A621 /* GoogleService-Info.plist */; };
		5621704D2A2ACD090007A621 /* FirebaseFirestore in Frameworks */ = {isa = PBXBuildFile; productRef = 5621704C2A2ACD090007A621 /* FirebaseFirestore */; };
		5621704F2A2ACD090007A621 /* FirebaseStorage in Frameworks */ = {isa = PBXBuildFile; productRef = 5621704E2A2ACD090007A621 /* FirebaseStorage */; };
		56250A352A304E1100F80B87 /* Database.swift in Sources */ = {isa = PBXBuildFile; fileRef = 56250A342A304E1100F80B87 /* Database.swift */; };
		56250A372A3053C100F80B87 /* GroupCodeViewController.swift in Sources */ = {isa = PBXBuildFile; fileRef = 56250A362A3053C100F80B87 /* GroupCodeViewController.swift */; };
		567217ED2A2C358B004AAF91 /* JMT_logo.png in Resources */ = {isa = PBXBuildFile; fileRef = 567217EC2A2C358B004AAF91 /* JMT_logo.png */; };
		56CA9AD52A28500C006FF32B /* AppDelegate.swift in Sources */ = {isa = PBXBuildFile; fileRef = 56CA9AD42A28500C006FF32B /* AppDelegate.swift */; };
		56CA9AD72A28500C006FF32B /* SceneDelegate.swift in Sources */ = {isa = PBXBuildFile; fileRef = 56CA9AD62A28500C006FF32B /* SceneDelegate.swift */; };
		56CA9AD92A28500C006FF32B /* StartViewController.swift in Sources */ = {isa = PBXBuildFile; fileRef = 56CA9AD82A28500C006FF32B /* StartViewController.swift */; };
		56CA9ADC2A28500C006FF32B /* Main.storyboard in Resources */ = {isa = PBXBuildFile; fileRef = 56CA9ADA2A28500C006FF32B /* Main.storyboard */; };
		56CA9ADE2A28500D006FF32B /* Assets.xcassets in Resources */ = {isa = PBXBuildFile; fileRef = 56CA9ADD2A28500D006FF32B /* Assets.xcassets */; };
		56CA9AE12A28500D006FF32B /* LaunchScreen.storyboard in Resources */ = {isa = PBXBuildFile; fileRef = 56CA9ADF2A28500D006FF32B /* LaunchScreen.storyboard */; };
		56F53AA72A30D9A300220679 /* SignUpViewController.swift in Sources */ = {isa = PBXBuildFile; fileRef = 56F53AA62A30D9A300220679 /* SignUpViewController.swift */; };
		56F53AA92A30DC1A00220679 /* User.swift in Sources */ = {isa = PBXBuildFile; fileRef = 56F53AA82A30DC1A00220679 /* User.swift */; };
		56F53AAB2A341AD200220679 /* CreateGroupCodeViewController.swift in Sources */ = {isa = PBXBuildFile; fileRef = 56F53AAA2A341AD200220679 /* CreateGroupCodeViewController.swift */; };
		56FBA4702A38CEC4005FDC11 /* MainViewController.swift in Sources */ = {isa = PBXBuildFile; fileRef = 56FBA46F2A38CEC4005FDC11 /* MainViewController.swift */; };
		56FBA4722A38D8B5005FDC11 /* SideMenuNavigationController.swift in Sources */ = {isa = PBXBuildFile; fileRef = 56FBA4712A38D8B5005FDC11 /* SideMenuNavigationController.swift */; };
/* End PBXBuildFile section */

/* Begin PBXFileReference section */
		18E831EACDC540BABC72F839 /* Pods_JMT.framework */ = {isa = PBXFileReference; explicitFileType = wrapper.framework; includeInIndex = 0; path = Pods_JMT.framework; sourceTree = BUILT_PRODUCTS_DIR; };
		562170492A2ACC870007A621 /* GoogleService-Info.plist */ = {isa = PBXFileReference; fileEncoding = 4; lastKnownFileType = text.plist.xml; path = "GoogleService-Info.plist"; sourceTree = "<group>"; };
		56250A342A304E1100F80B87 /* Database.swift */ = {isa = PBXFileReference; lastKnownFileType = sourcecode.swift; path = Database.swift; sourceTree = "<group>"; };
		56250A362A3053C100F80B87 /* GroupCodeViewController.swift */ = {isa = PBXFileReference; lastKnownFileType = sourcecode.swift; path = GroupCodeViewController.swift; sourceTree = "<group>"; };
		567217EC2A2C358B004AAF91 /* JMT_logo.png */ = {isa = PBXFileReference; lastKnownFileType = image.png; path = JMT_logo.png; sourceTree = "<group>"; };
		56CA9AD12A28500C006FF32B /* JMT.app */ = {isa = PBXFileReference; explicitFileType = wrapper.application; includeInIndex = 0; path = JMT.app; sourceTree = BUILT_PRODUCTS_DIR; };
		56CA9AD42A28500C006FF32B /* AppDelegate.swift */ = {isa = PBXFileReference; lastKnownFileType = sourcecode.swift; path = AppDelegate.swift; sourceTree = "<group>"; };
		56CA9AD62A28500C006FF32B /* SceneDelegate.swift */ = {isa = PBXFileReference; lastKnownFileType = sourcecode.swift; path = SceneDelegate.swift; sourceTree = "<group>"; };
		56CA9AD82A28500C006FF32B /* StartViewController.swift */ = {isa = PBXFileReference; lastKnownFileType = sourcecode.swift; path = StartViewController.swift; sourceTree = "<group>"; };
		56CA9ADB2A28500C006FF32B /* Base */ = {isa = PBXFileReference; lastKnownFileType = file.storyboard; name = Base; path = Base.lproj/Main.storyboard; sourceTree = "<group>"; };
		56CA9ADD2A28500D006FF32B /* Assets.xcassets */ = {isa = PBXFileReference; lastKnownFileType = folder.assetcatalog; path = Assets.xcassets; sourceTree = "<group>"; };
		56CA9AE02A28500D006FF32B /* Base */ = {isa = PBXFileReference; lastKnownFileType = file.storyboard; name = Base; path = Base.lproj/LaunchScreen.storyboard; sourceTree = "<group>"; };
		56CA9AE22A28500D006FF32B /* Info.plist */ = {isa = PBXFileReference; lastKnownFileType = text.plist.xml; path = Info.plist; sourceTree = "<group>"; };
		56F53AA62A30D9A300220679 /* SignUpViewController.swift */ = {isa = PBXFileReference; lastKnownFileType = sourcecode.swift; path = SignUpViewController.swift; sourceTree = "<group>"; };
		56F53AA82A30DC1A00220679 /* User.swift */ = {isa = PBXFileReference; lastKnownFileType = sourcecode.swift; path = User.swift; sourceTree = "<group>"; };
		56F53AAA2A341AD200220679 /* CreateGroupCodeViewController.swift */ = {isa = PBXFileReference; lastKnownFileType = sourcecode.swift; path = CreateGroupCodeViewController.swift; sourceTree = "<group>"; };
		56FBA46F2A38CEC4005FDC11 /* MainViewController.swift */ = {isa = PBXFileReference; lastKnownFileType = sourcecode.swift; path = MainViewController.swift; sourceTree = "<group>"; };
		56FBA4712A38D8B5005FDC11 /* SideMenuNavigationController.swift */ = {isa = PBXFileReference; lastKnownFileType = sourcecode.swift; path = SideMenuNavigationController.swift; sourceTree = "<group>"; };
		D386CB43F0702BBF3E3C620B /* Pods-JMT.release.xcconfig */ = {isa = PBXFileReference; includeInIndex = 1; lastKnownFileType = text.xcconfig; name = "Pods-JMT.release.xcconfig"; path = "Target Support Files/Pods-JMT/Pods-JMT.release.xcconfig"; sourceTree = "<group>"; };
		EE1C6397F023A59228BB5B71 /* Pods-JMT.debug.xcconfig */ = {isa = PBXFileReference; includeInIndex = 1; lastKnownFileType = text.xcconfig; name = "Pods-JMT.debug.xcconfig"; path = "Target Support Files/Pods-JMT/Pods-JMT.debug.xcconfig"; sourceTree = "<group>"; };
/* End PBXFileReference section */

/* Begin PBXFrameworksBuildPhase section */
		56CA9ACE2A28500C006FF32B /* Frameworks */ = {
			isa = PBXFrameworksBuildPhase;
			buildActionMask = 2147483647;
			files = (
				543371FC3BD6CE2A3172388C /* Pods_JMT.framework in Frameworks */,
				5621704D2A2ACD090007A621 /* FirebaseFirestore in Frameworks */,
				5621704F2A2ACD090007A621 /* FirebaseStorage in Frameworks */,
			);
			runOnlyForDeploymentPostprocessing = 0;
		};
/* End PBXFrameworksBuildPhase section */

/* Begin PBXGroup section */
		567217EB2A2C3571004AAF91 /* images */ = {
			isa = PBXGroup;
			children = (
				567217EC2A2C358B004AAF91 /* JMT_logo.png */,
			);
			path = images;
			sourceTree = "<group>";
		};
		56CA9AC82A28500C006FF32B = {
			isa = PBXGroup;
			children = (
				56CA9AD32A28500C006FF32B /* JMT */,
				56CA9AD22A28500C006FF32B /* Products */,
				64E9DD8C5870132CC11B6E49 /* Pods */,
				F15D6D2CBF7C99D9E7B250D3 /* Frameworks */,
			);
			sourceTree = "<group>";
		};
		56CA9AD22A28500C006FF32B /* Products */ = {
			isa = PBXGroup;
			children = (
				56CA9AD12A28500C006FF32B /* JMT.app */,
			);
			name = Products;
			sourceTree = "<group>";
		};
		56CA9AD32A28500C006FF32B /* JMT */ = {
			isa = PBXGroup;
			children = (
				567217EB2A2C3571004AAF91 /* images */,
				56CA9AD42A28500C006FF32B /* AppDelegate.swift */,
				56CA9AD62A28500C006FF32B /* SceneDelegate.swift */,
				56CA9AD82A28500C006FF32B /* StartViewController.swift */,
				56CA9ADA2A28500C006FF32B /* Main.storyboard */,
				56CA9ADD2A28500D006FF32B /* Assets.xcassets */,
				56CA9ADF2A28500D006FF32B /* LaunchScreen.storyboard */,
				56CA9AE22A28500D006FF32B /* Info.plist */,
				562170492A2ACC870007A621 /* GoogleService-Info.plist */,
				56250A342A304E1100F80B87 /* Database.swift */,
				56250A362A3053C100F80B87 /* GroupCodeViewController.swift */,
				56F53AA62A30D9A300220679 /* SignUpViewController.swift */,
				56F53AA82A30DC1A00220679 /* User.swift */,
				56F53AAA2A341AD200220679 /* CreateGroupCodeViewController.swift */,
				56FBA46F2A38CEC4005FDC11 /* MainViewController.swift */,
				56FBA4712A38D8B5005FDC11 /* SideMenuNavigationController.swift */,
			);
			path = JMT;
			sourceTree = "<group>";
		};
		64E9DD8C5870132CC11B6E49 /* Pods */ = {
			isa = PBXGroup;
			children = (
				EE1C6397F023A59228BB5B71 /* Pods-JMT.debug.xcconfig */,
				D386CB43F0702BBF3E3C620B /* Pods-JMT.release.xcconfig */,
			);
			path = Pods;
			sourceTree = "<group>";
		};
		F15D6D2CBF7C99D9E7B250D3 /* Frameworks */ = {
			isa = PBXGroup;
			children = (
				18E831EACDC540BABC72F839 /* Pods_JMT.framework */,
			);
			name = Frameworks;
			sourceTree = "<group>";
		};
/* End PBXGroup section */

/* Begin PBXNativeTarget section */
		56CA9AD02A28500C006FF32B /* JMT */ = {
			isa = PBXNativeTarget;
			buildConfigurationList = 56CA9AE52A28500D006FF32B /* Build configuration list for PBXNativeTarget "JMT" */;
			buildPhases = (
				5E6EF0873CC15095090A9214 /* [CP] Check Pods Manifest.lock */,
				56CA9ACD2A28500C006FF32B /* Sources */,
				56CA9ACE2A28500C006FF32B /* Frameworks */,
				56CA9ACF2A28500C006FF32B /* Resources */,
				D9E6428EB55795DBE1A67D79 /* [CP] Embed Pods Frameworks */,
			);
			buildRules = (
			);
			dependencies = (
			);
			name = JMT;
			packageProductDependencies = (
				5621704C2A2ACD090007A621 /* FirebaseFirestore */,
				5621704E2A2ACD090007A621 /* FirebaseStorage */,
			);
			productName = JMT;
			productReference = 56CA9AD12A28500C006FF32B /* JMT.app */;
			productType = "com.apple.product-type.application";
		};
/* End PBXNativeTarget section */

/* Begin PBXProject section */
		56CA9AC92A28500C006FF32B /* Project object */ = {
			isa = PBXProject;
			attributes = {
				BuildIndependentTargetsInParallel = 1;
				LastSwiftUpdateCheck = 1420;
				LastUpgradeCheck = 1420;
				TargetAttributes = {
					56CA9AD02A28500C006FF32B = {
						CreatedOnToolsVersion = 14.2;
					};
				};
			};
			buildConfigurationList = 56CA9ACC2A28500C006FF32B /* Build configuration list for PBXProject "JMT" */;
			compatibilityVersion = "Xcode 14.0";
			developmentRegion = en;
			hasScannedForEncodings = 0;
			knownRegions = (
				en,
				Base,
			);
			mainGroup = 56CA9AC82A28500C006FF32B;
			packageReferences = (
				5621704B2A2ACD090007A621 /* XCRemoteSwiftPackageReference "firebase-ios-sdk" */,
			);
			productRefGroup = 56CA9AD22A28500C006FF32B /* Products */;
			projectDirPath = "";
			projectRoot = "";
			targets = (
				56CA9AD02A28500C006FF32B /* JMT */,
			);
		};
/* End PBXProject section */

/* Begin PBXResourcesBuildPhase section */
		56CA9ACF2A28500C006FF32B /* Resources */ = {
			isa = PBXResourcesBuildPhase;
			buildActionMask = 2147483647;
			files = (
				56CA9AE12A28500D006FF32B /* LaunchScreen.storyboard in Resources */,
				5621704A2A2ACC870007A621 /* GoogleService-Info.plist in Resources */,
				56CA9ADE2A28500D006FF32B /* Assets.xcassets in Resources */,
				567217ED2A2C358B004AAF91 /* JMT_logo.png in Resources */,
				56CA9ADC2A28500C006FF32B /* Main.storyboard in Resources */,
			);
			runOnlyForDeploymentPostprocessing = 0;
		};
/* End PBXResourcesBuildPhase section */

/* Begin PBXShellScriptBuildPhase section */
		5E6EF0873CC15095090A9214 /* [CP] Check Pods Manifest.lock */ = {
			isa = PBXShellScriptBuildPhase;
			buildActionMask = 2147483647;
			files = (
			);
			inputFileListPaths = (
			);
			inputPaths = (
				"${PODS_PODFILE_DIR_PATH}/Podfile.lock",
				"${PODS_ROOT}/Manifest.lock",
			);
			name = "[CP] Check Pods Manifest.lock";
			outputFileListPaths = (
			);
			outputPaths = (
				"$(DERIVED_FILE_DIR)/Pods-JMT-checkManifestLockResult.txt",
			);
			runOnlyForDeploymentPostprocessing = 0;
			shellPath = /bin/sh;
			shellScript = "diff \"${PODS_PODFILE_DIR_PATH}/Podfile.lock\" \"${PODS_ROOT}/Manifest.lock\" > /dev/null\nif [ $? != 0 ] ; then\n    # print error to STDERR\n    echo \"error: The sandbox is not in sync with the Podfile.lock. Run 'pod install' or update your CocoaPods installation.\" >&2\n    exit 1\nfi\n# This output is used by Xcode 'outputs' to avoid re-running this script phase.\necho \"SUCCESS\" > \"${SCRIPT_OUTPUT_FILE_0}\"\n";
			showEnvVarsInLog = 0;
		};
		D9E6428EB55795DBE1A67D79 /* [CP] Embed Pods Frameworks */ = {
			isa = PBXShellScriptBuildPhase;
			buildActionMask = 2147483647;
			files = (
			);
			inputFileListPaths = (
				"${PODS_ROOT}/Target Support Files/Pods-JMT/Pods-JMT-frameworks-${CONFIGURATION}-input-files.xcfilelist",
			);
			name = "[CP] Embed Pods Frameworks";
			outputFileListPaths = (
				"${PODS_ROOT}/Target Support Files/Pods-JMT/Pods-JMT-frameworks-${CONFIGURATION}-output-files.xcfilelist",
			);
			runOnlyForDeploymentPostprocessing = 0;
			shellPath = /bin/sh;
			shellScript = "\"${PODS_ROOT}/Target Support Files/Pods-JMT/Pods-JMT-frameworks.sh\"\n";
			showEnvVarsInLog = 0;
		};
/* End PBXShellScriptBuildPhase section */

/* Begin PBXSourcesBuildPhase section */
		56CA9ACD2A28500C006FF32B /* Sources */ = {
			isa = PBXSourcesBuildPhase;
			buildActionMask = 2147483647;
			files = (
				56F53AA72A30D9A300220679 /* SignUpViewController.swift in Sources */,
				56F53AAB2A341AD200220679 /* CreateGroupCodeViewController.swift in Sources */,
				56CA9AD92A28500C006FF32B /* StartViewController.swift in Sources */,
				56FBA4722A38D8B5005FDC11 /* SideMenuNavigationController.swift in Sources */,
				56CA9AD52A28500C006FF32B /* AppDelegate.swift in Sources */,
				56250A372A3053C100F80B87 /* GroupCodeViewController.swift in Sources */,
				56250A352A304E1100F80B87 /* Database.swift in Sources */,
				56FBA4702A38CEC4005FDC11 /* MainViewController.swift in Sources */,
				56CA9AD72A28500C006FF32B /* SceneDelegate.swift in Sources */,
				56F53AA92A30DC1A00220679 /* User.swift in Sources */,
			);
			runOnlyForDeploymentPostprocessing = 0;
		};
/* End PBXSourcesBuildPhase section */

/* Begin PBXVariantGroup section */
		56CA9ADA2A28500C006FF32B /* Main.storyboard */ = {
			isa = PBXVariantGroup;
			children = (
				56CA9ADB2A28500C006FF32B /* Base */,
			);
			name = Main.storyboard;
			sourceTree = "<group>";
		};
		56CA9ADF2A28500D006FF32B /* LaunchScreen.storyboard */ = {
			isa = PBXVariantGroup;
			children = (
				56CA9AE02A28500D006FF32B /* Base */,
			);
			name = LaunchScreen.storyboard;
			sourceTree = "<group>";
		};
/* End PBXVariantGroup section */

/* Begin XCBuildConfiguration section */
		56CA9AE32A28500D006FF32B /* Debug */ = {
			isa = XCBuildConfiguration;
			buildSettings = {
				ALWAYS_SEARCH_USER_PATHS = NO;
				CLANG_ANALYZER_NONNULL = YES;
				CLANG_ANALYZER_NUMBER_OBJECT_CONVERSION = YES_AGGRESSIVE;
				CLANG_CXX_LANGUAGE_STANDARD = "gnu++20";
				CLANG_ENABLE_MODULES = YES;
				CLANG_ENABLE_OBJC_ARC = YES;
				CLANG_ENABLE_OBJC_WEAK = YES;
				CLANG_WARN_BLOCK_CAPTURE_AUTORELEASING = YES;
				CLANG_WARN_BOOL_CONVERSION = YES;
				CLANG_WARN_COMMA = YES;
				CLANG_WARN_CONSTANT_CONVERSION = YES;
				CLANG_WARN_DEPRECATED_OBJC_IMPLEMENTATIONS = YES;
				CLANG_WARN_DIRECT_OBJC_ISA_USAGE = YES_ERROR;
				CLANG_WARN_DOCUMENTATION_COMMENTS = YES;
				CLANG_WARN_EMPTY_BODY = YES;
				CLANG_WARN_ENUM_CONVERSION = YES;
				CLANG_WARN_INFINITE_RECURSION = YES;
				CLANG_WARN_INT_CONVERSION = YES;
				CLANG_WARN_NON_LITERAL_NULL_CONVERSION = YES;
				CLANG_WARN_OBJC_IMPLICIT_RETAIN_SELF = YES;
				CLANG_WARN_OBJC_LITERAL_CONVERSION = YES;
				CLANG_WARN_OBJC_ROOT_CLASS = YES_ERROR;
				CLANG_WARN_QUOTED_INCLUDE_IN_FRAMEWORK_HEADER = YES;
				CLANG_WARN_RANGE_LOOP_ANALYSIS = YES;
				CLANG_WARN_STRICT_PROTOTYPES = YES;
				CLANG_WARN_SUSPICIOUS_MOVE = YES;
				CLANG_WARN_UNGUARDED_AVAILABILITY = YES_AGGRESSIVE;
				CLANG_WARN_UNREACHABLE_CODE = YES;
				CLANG_WARN__DUPLICATE_METHOD_MATCH = YES;
				COPY_PHASE_STRIP = NO;
				DEBUG_INFORMATION_FORMAT = dwarf;
				ENABLE_STRICT_OBJC_MSGSEND = YES;
				ENABLE_TESTABILITY = YES;
				GCC_C_LANGUAGE_STANDARD = gnu11;
				GCC_DYNAMIC_NO_PIC = NO;
				GCC_NO_COMMON_BLOCKS = YES;
				GCC_OPTIMIZATION_LEVEL = 0;
				GCC_PREPROCESSOR_DEFINITIONS = (
					"DEBUG=1",
					"$(inherited)",
				);
				GCC_WARN_64_TO_32_BIT_CONVERSION = YES;
				GCC_WARN_ABOUT_RETURN_TYPE = YES_ERROR;
				GCC_WARN_UNDECLARED_SELECTOR = YES;
				GCC_WARN_UNINITIALIZED_AUTOS = YES_AGGRESSIVE;
				GCC_WARN_UNUSED_FUNCTION = YES;
				GCC_WARN_UNUSED_VARIABLE = YES;
				IPHONEOS_DEPLOYMENT_TARGET = 16.2;
				MTL_ENABLE_DEBUG_INFO = INCLUDE_SOURCE;
				MTL_FAST_MATH = YES;
				ONLY_ACTIVE_ARCH = YES;
				SDKROOT = iphoneos;
				SWIFT_ACTIVE_COMPILATION_CONDITIONS = DEBUG;
				SWIFT_OPTIMIZATION_LEVEL = "-Onone";
			};
			name = Debug;
		};
		56CA9AE42A28500D006FF32B /* Release */ = {
			isa = XCBuildConfiguration;
			buildSettings = {
				ALWAYS_SEARCH_USER_PATHS = NO;
				CLANG_ANALYZER_NONNULL = YES;
				CLANG_ANALYZER_NUMBER_OBJECT_CONVERSION = YES_AGGRESSIVE;
				CLANG_CXX_LANGUAGE_STANDARD = "gnu++20";
				CLANG_ENABLE_MODULES = YES;
				CLANG_ENABLE_OBJC_ARC = YES;
				CLANG_ENABLE_OBJC_WEAK = YES;
				CLANG_WARN_BLOCK_CAPTURE_AUTORELEASING = YES;
				CLANG_WARN_BOOL_CONVERSION = YES;
				CLANG_WARN_COMMA = YES;
				CLANG_WARN_CONSTANT_CONVERSION = YES;
				CLANG_WARN_DEPRECATED_OBJC_IMPLEMENTATIONS = YES;
				CLANG_WARN_DIRECT_OBJC_ISA_USAGE = YES_ERROR;
				CLANG_WARN_DOCUMENTATION_COMMENTS = YES;
				CLANG_WARN_EMPTY_BODY = YES;
				CLANG_WARN_ENUM_CONVERSION = YES;
				CLANG_WARN_INFINITE_RECURSION = YES;
				CLANG_WARN_INT_CONVERSION = YES;
				CLANG_WARN_NON_LITERAL_NULL_CONVERSION = YES;
				CLANG_WARN_OBJC_IMPLICIT_RETAIN_SELF = YES;
				CLANG_WARN_OBJC_LITERAL_CONVERSION = YES;
				CLANG_WARN_OBJC_ROOT_CLASS = YES_ERROR;
				CLANG_WARN_QUOTED_INCLUDE_IN_FRAMEWORK_HEADER = YES;
				CLANG_WARN_RANGE_LOOP_ANALYSIS = YES;
				CLANG_WARN_STRICT_PROTOTYPES = YES;
				CLANG_WARN_SUSPICIOUS_MOVE = YES;
				CLANG_WARN_UNGUARDED_AVAILABILITY = YES_AGGRESSIVE;
				CLANG_WARN_UNREACHABLE_CODE = YES;
				CLANG_WARN__DUPLICATE_METHOD_MATCH = YES;
				COPY_PHASE_STRIP = NO;
				DEBUG_INFORMATION_FORMAT = "dwarf-with-dsym";
				ENABLE_NS_ASSERTIONS = NO;
				ENABLE_STRICT_OBJC_MSGSEND = YES;
				GCC_C_LANGUAGE_STANDARD = gnu11;
				GCC_NO_COMMON_BLOCKS = YES;
				GCC_WARN_64_TO_32_BIT_CONVERSION = YES;
				GCC_WARN_ABOUT_RETURN_TYPE = YES_ERROR;
				GCC_WARN_UNDECLARED_SELECTOR = YES;
				GCC_WARN_UNINITIALIZED_AUTOS = YES_AGGRESSIVE;
				GCC_WARN_UNUSED_FUNCTION = YES;
				GCC_WARN_UNUSED_VARIABLE = YES;
				IPHONEOS_DEPLOYMENT_TARGET = 16.2;
				MTL_ENABLE_DEBUG_INFO = NO;
				MTL_FAST_MATH = YES;
				SDKROOT = iphoneos;
				SWIFT_COMPILATION_MODE = wholemodule;
				SWIFT_OPTIMIZATION_LEVEL = "-O";
				VALIDATE_PRODUCT = YES;
			};
			name = Release;
		};
		56CA9AE62A28500D006FF32B /* Debug */ = {
			isa = XCBuildConfiguration;
			baseConfigurationReference = EE1C6397F023A59228BB5B71 /* Pods-JMT.debug.xcconfig */;
			buildSettings = {
				ASSETCATALOG_COMPILER_APPICON_NAME = AppIcon;
				ASSETCATALOG_COMPILER_GLOBAL_ACCENT_COLOR_NAME = AccentColor;
				CODE_SIGN_STYLE = Automatic;
				CURRENT_PROJECT_VERSION = 1;
				DEVELOPMENT_TEAM = D4XSF586M3;
				GENERATE_INFOPLIST_FILE = YES;
				INFOPLIST_FILE = JMT/Info.plist;
				INFOPLIST_KEY_UIApplicationSupportsIndirectInputEvents = YES;
				INFOPLIST_KEY_UILaunchStoryboardName = LaunchScreen;
				INFOPLIST_KEY_UIMainStoryboardFile = Main;
				INFOPLIST_KEY_UISupportedInterfaceOrientations_iPad = "UIInterfaceOrientationPortrait UIInterfaceOrientationPortraitUpsideDown UIInterfaceOrientationLandscapeLeft UIInterfaceOrientationLandscapeRight";
				INFOPLIST_KEY_UISupportedInterfaceOrientations_iPhone = "UIInterfaceOrientationPortrait UIInterfaceOrientationLandscapeLeft UIInterfaceOrientationLandscapeRight";
				LD_RUNPATH_SEARCH_PATHS = (
					"$(inherited)",
					"@executable_path/Frameworks",
				);
				MARKETING_VERSION = 1.0;
				PRODUCT_BUNDLE_IDENTIFIER = cjwon.hansung.ac.kr.JMT;
				PRODUCT_NAME = "$(TARGET_NAME)";
				SWIFT_EMIT_LOC_STRINGS = YES;
				SWIFT_VERSION = 5.0;
				TARGETED_DEVICE_FAMILY = "1,2";
			};
			name = Debug;
		};
		56CA9AE72A28500D006FF32B /* Release */ = {
			isa = XCBuildConfiguration;
			baseConfigurationReference = D386CB43F0702BBF3E3C620B /* Pods-JMT.release.xcconfig */;
			buildSettings = {
				ASSETCATALOG_COMPILER_APPICON_NAME = AppIcon;
				ASSETCATALOG_COMPILER_GLOBAL_ACCENT_COLOR_NAME = AccentColor;
				CODE_SIGN_STYLE = Automatic;
				CURRENT_PROJECT_VERSION = 1;
				DEVELOPMENT_TEAM = D4XSF586M3;
				GENERATE_INFOPLIST_FILE = YES;
				INFOPLIST_FILE = JMT/Info.plist;
				INFOPLIST_KEY_UIApplicationSupportsIndirectInputEvents = YES;
				INFOPLIST_KEY_UILaunchStoryboardName = LaunchScreen;
				INFOPLIST_KEY_UIMainStoryboardFile = Main;
				INFOPLIST_KEY_UISupportedInterfaceOrientations_iPad = "UIInterfaceOrientationPortrait UIInterfaceOrientationPortraitUpsideDown UIInterfaceOrientationLandscapeLeft UIInterfaceOrientationLandscapeRight";
				INFOPLIST_KEY_UISupportedInterfaceOrientations_iPhone = "UIInterfaceOrientationPortrait UIInterfaceOrientationLandscapeLeft UIInterfaceOrientationLandscapeRight";
				LD_RUNPATH_SEARCH_PATHS = (
					"$(inherited)",
					"@executable_path/Frameworks",
				);
				MARKETING_VERSION = 1.0;
				PRODUCT_BUNDLE_IDENTIFIER = cjwon.hansung.ac.kr.JMT;
				PRODUCT_NAME = "$(TARGET_NAME)";
				SWIFT_EMIT_LOC_STRINGS = YES;
				SWIFT_VERSION = 5.0;
				TARGETED_DEVICE_FAMILY = "1,2";
			};
			name = Release;
		};
/* End XCBuildConfiguration section */

/* Begin XCConfigurationList section */
		56CA9ACC2A28500C006FF32B /* Build configuration list for PBXProject "JMT" */ = {
			isa = XCConfigurationList;
			buildConfigurations = (
				56CA9AE32A28500D006FF32B /* Debug */,
				56CA9AE42A28500D006FF32B /* Release */,
			);
			defaultConfigurationIsVisible = 0;
			defaultConfigurationName = Release;
		};
		56CA9AE52A28500D006FF32B /* Build configuration list for PBXNativeTarget "JMT" */ = {
			isa = XCConfigurationList;
			buildConfigurations = (
				56CA9AE62A28500D006FF32B /* Debug */,
				56CA9AE72A28500D006FF32B /* Release */,
			);
			defaultConfigurationIsVisible = 0;
			defaultConfigurationName = Release;
		};
/* End XCConfigurationList section */

/* Begin XCRemoteSwiftPackageReference section */
		5621704B2A2ACD090007A621 /* XCRemoteSwiftPackageReference "firebase-ios-sdk" */ = {
			isa = XCRemoteSwiftPackageReference;
			repositoryURL = "https://github.com/firebase/firebase-ios-sdk.git";
			requirement = {
				branch = master;
				kind = branch;
			};
		};
/* End XCRemoteSwiftPackageReference section */

/* Begin XCSwiftPackageProductDependency section */
		5621704C2A2ACD090007A621 /* FirebaseFirestore */ = {
			isa = XCSwiftPackageProductDependency;
			package = 5621704B2A2ACD090007A621 /* XCRemoteSwiftPackageReference "firebase-ios-sdk" */;
			productName = FirebaseFirestore;
		};
		5621704E2A2ACD090007A621 /* FirebaseStorage */ = {
			isa = XCSwiftPackageProductDependency;
			package = 5621704B2A2ACD090007A621 /* XCRemoteSwiftPackageReference "firebase-ios-sdk" */;
			productName = FirebaseStorage;
		};
/* End XCSwiftPackageProductDependency section */
	};
	rootObject = 56CA9AC92A28500C006FF32B /* Project object */;
}
